
Microsoft Visual Studio Solution File, Format Version 12.00
# Visual Studio Version 17
VisualStudioVersion = 17.5.33424.131
MinimumVisualStudioVersion = 10.0.40219.1
Project("{8BC9CEB8-8B4A-11D0-8D11-00A0C91BC942}") = "双差伪距差分定位", "双差伪距差分定位\双差伪距差分定位.vcxproj", "{EE311F01-A2C0-4D5F-8063-8969A07B516F}"
EndProject
Global
	GlobalSection(SolutionConfigurationPlatforms) = preSolution
		Debug|x64 = Debug|x64
		Debug|x86 = Debug|x86
		Release|x64 = Release|x64
		Release|x86 = Release|x86
	EndGlobalSection
	GlobalSection(ProjectConfigurationPlatforms) = postSolution
		{EE311F01-A2C0-4D5F-8063-8969A07B516F}.Debug|x64.ActiveCfg = Debug|x64
		{EE311F01-A2C0-4D5F-8063-8969A07B516F}.Debug|x64.Build.0 = Debug|x64
		{EE311F01-A2C0-4D5F-8063-8969A07B516F}.Debug|x86.ActiveCfg = Debug|Win32
		{EE311F01-A2C0-4D5F-8063-8969A07B516F}.Debug|x86.Build.0 = Debug|Win32
		{EE311F01-A2C0-4D5F-8063-8969A07B516F}.Release|x64.ActiveCfg = Release|x64
		{EE311F01-A2C0-4D5F-8063-8969A07B516F}.Release|x64.Build.0 = Release|x64
		{EE311F01-A2C0-4D5F-8063-8969A07B516F}.Release|x86.ActiveCfg = Release|Win32
		{EE311F01-A2C0-4D5F-8063-8969A07B516F}.Release|x86.Build.0 = Release|Win32
	EndGlobalSection
	GlobalSection(SolutionProperties) = preSolution
		HideSolutionNode = FALSE
	EndGlobalSection
	GlobalSection(ExtensibilityGlobals) = postSolution
		SolutionGuid = {81E87D44-4E51-4225-AE28-ED597468C31E}
	EndGlobalSection
EndGlobal
